
Microsoft Visual Studio Solution File, Format Version 12.00
# Visual Studio Version 17
VisualStudioVersion = 17.14.36414.22
MinimumVisualStudioVersion = 10.0.40219.1
Project("{2150E333-8FDC-42A3-9474-1A3956D46DE8}") = "Task0", "Task0", "{02EA681E-C7D8-13C7-8484-4AC65E1B71E8}"
EndProject
Project("{FAE04EC0-301F-11D3-BF4B-00C04F79EFBC}") = "Tyuiu.ArkhipovaMD.Sprint4.Task0.V11.Lib", "Tyuiu.ArkhipovaMD.Sprint4.Task0.V11.Lib\Tyuiu.ArkhipovaMD.Sprint4.Task0.V11.Lib.csproj", "{CC2F964C-4F2D-4C7D-A00F-514E42C511AC}"
EndProject
Project("{FAE04EC0-301F-11D3-BF4B-00C04F79EFBC}") = "Tyuiu.ArkhipovaMD.Sprint4.Task0.V11.Test", "Tyuiu.ArkhipovaMD.Sprint4.Task0.V11.Test\Tyuiu.ArkhipovaMD.Sprint4.Task0.V11.Test.csproj", "{45E6822B-382E-41EE-84F9-4B8B8B952026}"
EndProject
Project("{FAE04EC0-301F-11D3-BF4B-00C04F79EFBC}") = "Tyuiu.ArkhipovaMD.Sprint4.Task0.V11", "Tyuiu.ArkhipovaMD.Sprint4.Task0.V11\Tyuiu.ArkhipovaMD.Sprint4.Task0.V11.csproj", "{FFBDEB65-D9D5-4E2E-A0CE-C5D2B720DF75}"
EndProject
Project("{2150E333-8FDC-42A3-9474-1A3956D46DE8}") = "Task1", "Task1", "{607F8E96-1FBD-4992-9983-3DF3FEF598D8}"
EndProject
Project("{FAE04EC0-301F-11D3-BF4B-00C04F79EFBC}") = "Tyuiu.ArkhipovaMD.Sprint4.Task1.V3.Lib", "Tyuiu.ArkhipovaMD.Sprint4.Task1.V3.Lib\Tyuiu.ArkhipovaMD.Sprint4.Task1.V3.Lib.csproj", "{D2929F7D-1C62-414D-A5F4-0F2B3171CC54}"
EndProject
Project("{FAE04EC0-301F-11D3-BF4B-00C04F79EFBC}") = "Tyuiu.ArkhipovaMD.Sprint4.Task1.V3.Test", "Tyuiu.ArkhipovaMD.Sprint4.Task1.V3.Test\Tyuiu.ArkhipovaMD.Sprint4.Task1.V3.Test.csproj", "{FBF4D998-31C9-4A24-A4B3-BB915633DA86}"
EndProject
Project("{FAE04EC0-301F-11D3-BF4B-00C04F79EFBC}") = "Tyuiu.ArkhipovaMD.Sprint4.Task1.V3", "Tyuiu.ArkhipovaMD.Sprint4.Task1.V3\Tyuiu.ArkhipovaMD.Sprint4.Task1.V3.csproj", "{256059CB-E82B-48ED-8EA9-E02DFA940E2B}"
EndProject
Global
	GlobalSection(SolutionConfigurationPlatforms) = preSolution
		Debug|Any CPU = Debug|Any CPU
		Release|Any CPU = Release|Any CPU
	EndGlobalSection
	GlobalSection(ProjectConfigurationPlatforms) = postSolution
		{CC2F964C-4F2D-4C7D-A00F-514E42C511AC}.Debug|Any CPU.ActiveCfg = Debug|Any CPU
		{CC2F964C-4F2D-4C7D-A00F-514E42C511AC}.Debug|Any CPU.Build.0 = Debug|Any CPU
		{CC2F964C-4F2D-4C7D-A00F-514E42C511AC}.Release|Any CPU.ActiveCfg = Release|Any CPU
		{CC2F964C-4F2D-4C7D-A00F-514E42C511AC}.Release|Any CPU.Build.0 = Release|Any CPU
		{45E6822B-382E-41EE-84F9-4B8B8B952026}.Debug|Any CPU.ActiveCfg = Debug|Any CPU
		{45E6822B-382E-41EE-84F9-4B8B8B952026}.Debug|Any CPU.Build.0 = Debug|Any CPU
		{45E6822B-382E-41EE-84F9-4B8B8B952026}.Release|Any CPU.ActiveCfg = Release|Any CPU
		{45E6822B-382E-41EE-84F9-4B8B8B952026}.Release|Any CPU.Build.0 = Release|Any CPU
		{FFBDEB65-D9D5-4E2E-A0CE-C5D2B720DF75}.Debug|Any CPU.ActiveCfg = Debug|Any CPU
		{FFBDEB65-D9D5-4E2E-A0CE-C5D2B720DF75}.Debug|Any CPU.Build.0 = Debug|Any CPU
		{FFBDEB65-D9D5-4E2E-A0CE-C5D2B720DF75}.Release|Any CPU.ActiveCfg = Release|Any CPU
		{FFBDEB65-D9D5-4E2E-A0CE-C5D2B720DF75}.Release|Any CPU.Build.0 = Release|Any CPU
		{D2929F7D-1C62-414D-A5F4-0F2B3171CC54}.Debug|Any CPU.ActiveCfg = Debug|Any CPU
		{D2929F7D-1C62-414D-A5F4-0F2B3171CC54}.Debug|Any CPU.Build.0 = Debug|Any CPU
		{D2929F7D-1C62-414D-A5F4-0F2B3171CC54}.Release|Any CPU.ActiveCfg = Release|Any CPU
		{D2929F7D-1C62-414D-A5F4-0F2B3171CC54}.Release|Any CPU.Build.0 = Release|Any CPU
		{FBF4D998-31C9-4A24-A4B3-BB915633DA86}.Debug|Any CPU.ActiveCfg = Debug|Any CPU
		{FBF4D998-31C9-4A24-A4B3-BB915633DA86}.Debug|Any CPU.Build.0 = Debug|Any CPU
		{FBF4D998-31C9-4A24-A4B3-BB915633DA86}.Release|Any CPU.ActiveCfg = Release|Any CPU
		{FBF4D998-31C9-4A24-A4B3-BB915633DA86}.Release|Any CPU.Build.0 = Release|Any CPU
		{256059CB-E82B-48ED-8EA9-E02DFA940E2B}.Debug|Any CPU.ActiveCfg = Debug|Any CPU
		{256059CB-E82B-48ED-8EA9-E02DFA940E2B}.Debug|Any CPU.Build.0 = Debug|Any CPU
		{256059CB-E82B-48ED-8EA9-E02DFA940E2B}.Release|Any CPU.ActiveCfg = Release|Any CPU
		{256059CB-E82B-48ED-8EA9-E02DFA940E2B}.Release|Any CPU.Build.0 = Release|Any CPU
	EndGlobalSection
	GlobalSection(SolutionProperties) = preSolution
		HideSolutionNode = FALSE
	EndGlobalSection
	GlobalSection(NestedProjects) = preSolution
		{CC2F964C-4F2D-4C7D-A00F-514E42C511AC} = {02EA681E-C7D8-13C7-8484-4AC65E1B71E8}
		{45E6822B-382E-41EE-84F9-4B8B8B952026} = {02EA681E-C7D8-13C7-8484-4AC65E1B71E8}
		{FFBDEB65-D9D5-4E2E-A0CE-C5D2B720DF75} = {02EA681E-C7D8-13C7-8484-4AC65E1B71E8}
		{D2929F7D-1C62-414D-A5F4-0F2B3171CC54} = {607F8E96-1FBD-4992-9983-3DF3FEF598D8}
		{FBF4D998-31C9-4A24-A4B3-BB915633DA86} = {607F8E96-1FBD-4992-9983-3DF3FEF598D8}
		{256059CB-E82B-48ED-8EA9-E02DFA940E2B} = {607F8E96-1FBD-4992-9983-3DF3FEF598D8}
	EndGlobalSection
	GlobalSection(ExtensibilityGlobals) = postSolution
		SolutionGuid = {F4F5AFB8-3630-4918-ABCD-A85F39584192}
	EndGlobalSection
EndGlobal
