
Microsoft Visual Studio Solution File, Format Version 12.00
# Visual Studio Version 17
VisualStudioVersion = 17.14.36414.22
MinimumVisualStudioVersion = 10.0.40219.1
Project("{2150E333-8FDC-42A3-9474-1A3956D46DE8}") = "Task0", "Task0", "{02EA681E-C7D8-13C7-8484-4AC65E1B71E8}"
EndProject
Project("{FAE04EC0-301F-11D3-BF4B-00C04F79EFBC}") = "Tyuiu.ArkhipovaMD.Sprint4.Task0.V11.Lib", "Tyuiu.ArkhipovaMD.Sprint4.Task0.V11.Lib\Tyuiu.ArkhipovaMD.Sprint4.Task0.V11.Lib.csproj", "{CC2F964C-4F2D-4C7D-A00F-514E42C511AC}"
EndProject
Project("{FAE04EC0-301F-11D3-BF4B-00C04F79EFBC}") = "Tyuiu.ArkhipovaMD.Sprint4.Task0.V11.Test", "Tyuiu.ArkhipovaMD.Sprint4.Task0.V11.Test\Tyuiu.ArkhipovaMD.Sprint4.Task0.V11.Test.csproj", "{45E6822B-382E-41EE-84F9-4B8B8B952026}"
EndProject
Project("{FAE04EC0-301F-11D3-BF4B-00C04F79EFBC}") = "Tyuiu.ArkhipovaMD.Sprint4.Task0.V11", "Tyuiu.ArkhipovaMD.Sprint4.Task0.V11\Tyuiu.ArkhipovaMD.Sprint4.Task0.V11.csproj", "{FFBDEB65-D9D5-4E2E-A0CE-C5D2B720DF75}"
EndProject
Project("{2150E333-8FDC-42A3-9474-1A3956D46DE8}") = "Task1", "Task1", "{607F8E96-1FBD-4992-9983-3DF3FEF598D8}"
EndProject
Project("{FAE04EC0-301F-11D3-BF4B-00C04F79EFBC}") = "Tyuiu.ArkhipovaMD.Sprint4.Task1.V3", "Tyuiu.ArkhipovaMD.Sprint4.Task1.V3\Tyuiu.ArkhipovaMD.Sprint4.Task1.V3.csproj", "{CFD9E42B-53DC-CFC4-8DAD-928C241B7097}"
EndProject
Project("{FAE04EC0-301F-11D3-BF4B-00C04F79EFBC}") = "Tyuiu.ArkhipovaMD.Sprint4.Task1.V3.Test", "Tyuiu.ArkhipovaMD.Sprint4.Task1.V3.Test\Tyuiu.ArkhipovaMD.Sprint4.Task1.V3.Test.csproj", "{E6A47986-7923-5AF1-D1C6-978C8CF2C7BD}"
EndProject
Project("{FAE04EC0-301F-11D3-BF4B-00C04F79EFBC}") = "Tyuiu.ArkhipovaMD.Sprint4.Task1.V3.Lib", "Tyuiu.ArkhipovaMD.Sprint4.Task1.V3.Lib\Tyuiu.ArkhipovaMD.Sprint4.Task1.V3.Lib.csproj", "{C52F9097-F89D-A011-6D6F-AACD3207B240}"
EndProject
Project("{2150E333-8FDC-42A3-9474-1A3956D46DE8}") = "Task2", "Task2", "{EEE0A434-EAD1-4067-95FD-D1E66E359D9F}"
EndProject
Project("{FAE04EC0-301F-11D3-BF4B-00C04F79EFBC}") = "Tyuiu.ArkhipovaMD.Sprint4.Task2.V27.Lib", "Tyuiu.ArkhipovaMD.Sprint4.Task2.V27.Lib\Tyuiu.ArkhipovaMD.Sprint4.Task2.V27.Lib.csproj", "{366ACD7B-116B-4994-B229-8E9D7BE7C4E3}"
EndProject
Project("{FAE04EC0-301F-11D3-BF4B-00C04F79EFBC}") = "Tyuiu.ArkhipovaMD.Sprint4.Task2.V27.Test", "Tyuiu.ArkhipovaMD.Sprint4.Task2.V27.Test\Tyuiu.ArkhipovaMD.Sprint4.Task2.V27.Test.csproj", "{F0511B35-69D3-4425-AB05-4FAF175E066E}"
EndProject
Project("{FAE04EC0-301F-11D3-BF4B-00C04F79EFBC}") = "Tyuiu.ArkhipovaMD.Sprint4.Task2.V27", "Tyuiu.ArkhipovaMD.Sprint4.Task2.V27\Tyuiu.ArkhipovaMD.Sprint4.Task2.V27.csproj", "{BA9AD717-B700-4C60-B596-D745484BAC37}"
EndProject
Project("{2150E333-8FDC-42A3-9474-1A3956D46DE8}") = "Task3", "Task3", "{E0AD1165-B059-4BB8-B1DA-5D239376C3B5}"
EndProject
Project("{FAE04EC0-301F-11D3-BF4B-00C04F79EFBC}") = "Tyuiu.ArkhipovaMD.Sprint4.Task3.V21.Lib", "Tyuiu.ArkhipovaMD.Sprint4.Task3.V21.Lib\Tyuiu.ArkhipovaMD.Sprint4.Task3.V21.Lib.csproj", "{45634423-F2A4-492E-9EA8-469AA1E0767E}"
EndProject
Project("{FAE04EC0-301F-11D3-BF4B-00C04F79EFBC}") = "Tyuiu.ArkhipovaMD.Sprint4.Task3.V21.Test", "Tyuiu.ArkhipovaMD.Sprint4.Task3.V21.Test\Tyuiu.ArkhipovaMD.Sprint4.Task3.V21.Test.csproj", "{9682C911-A4AE-4CC3-AFE7-9032B3B82297}"
EndProject
Project("{FAE04EC0-301F-11D3-BF4B-00C04F79EFBC}") = "Tyuiu.ArkhipovaMD.Sprint4.Task3.V21", "Tyuiu.ArkhipovaMD.Sprint4.Task3.V21\Tyuiu.ArkhipovaMD.Sprint4.Task3.V21.csproj", "{E3471CB0-423D-4263-9BD0-A164438DABBB}"
EndProject
Project("{2150E333-8FDC-42A3-9474-1A3956D46DE8}") = "Task4", "Task4", "{2C681B00-7AFF-4740-B61A-8B9000BCF4B9}"
EndProject
Project("{FAE04EC0-301F-11D3-BF4B-00C04F79EFBC}") = "Tyuiu.ArkhipovaMD.Sprint4.Task4.V27.Lib", "Tyuiu.ArkhipovaMD.Sprint4.Task4.V27.Lib\Tyuiu.ArkhipovaMD.Sprint4.Task4.V27.Lib.csproj", "{E1211146-4431-4054-A1E9-70DE9B6DAA05}"
EndProject
Project("{FAE04EC0-301F-11D3-BF4B-00C04F79EFBC}") = "Tyuiu.ArkhipovaMD.Sprint4.Task4.V27.Test", "Tyuiu.ArkhipovaMD.Sprint4.Task4.V27.Test\Tyuiu.ArkhipovaMD.Sprint4.Task4.V27.Test.csproj", "{20889A9A-BDC8-44B0-9B89-4DE40CB6DD59}"
EndProject
Project("{FAE04EC0-301F-11D3-BF4B-00C04F79EFBC}") = "Tyuiu.ArkhipovaMD.Sprint4.Task4.V27", "Tyuiu.ArkhipovaMD.Sprint4.Task4.V27\Tyuiu.ArkhipovaMD.Sprint4.Task4.V27.csproj", "{769AD66B-AE51-4AAE-B7CF-8079F16C35CF}"
EndProject
Project("{2150E333-8FDC-42A3-9474-1A3956D46DE8}") = "Task5", "Task5", "{5C32CD23-531A-458E-916E-3357321AD9FE}"
EndProject
Project("{FAE04EC0-301F-11D3-BF4B-00C04F79EFBC}") = "Tyuiu.ArkhipovaMD.Sprint4.Task5.V17.Lib", "Tyuiu.ArkhipovaMD.Sprint4.Task5.V17.Lib\Tyuiu.ArkhipovaMD.Sprint4.Task5.V17.Lib.csproj", "{039DE666-A813-42C3-BF1A-1344286A9AE1}"
EndProject
Project("{FAE04EC0-301F-11D3-BF4B-00C04F79EFBC}") = "Tyuiu.ArkhipovaMD.Sprint4.Task5.V17.Test", "Tyuiu.ArkhipovaMD.Sprint4.Task5.V17.Test\Tyuiu.ArkhipovaMD.Sprint4.Task5.V17.Test.csproj", "{38F8AB7E-C660-4EF2-8EEE-7DFF53D27EDB}"
EndProject
Project("{FAE04EC0-301F-11D3-BF4B-00C04F79EFBC}") = "Tyuiu.ArkhipovaMD.Sprint4.Task5.V17", "Tyuiu.ArkhipovaMD.Sprint4.Task5.V17\Tyuiu.ArkhipovaMD.Sprint4.Task5.V17.csproj", "{C7E95244-CAF5-4C9C-9B6E-B24E80CE1589}"
EndProject
Project("{2150E333-8FDC-42A3-9474-1A3956D46DE8}") = "Task6", "Task6", "{01119F93-37BB-4E19-9B56-90811CC8F354}"
EndProject
Project("{FAE04EC0-301F-11D3-BF4B-00C04F79EFBC}") = "Tyuiu.ArkhipovaMD.Sprint4.Task6.V11.Lib", "Tyuiu.ArkhipovaMD.Sprint4.Task6.V11.Lib\Tyuiu.ArkhipovaMD.Sprint4.Task6.V11.Lib.csproj", "{A3586EC1-D28A-4C90-B851-CB3443EC9433}"
EndProject
Project("{FAE04EC0-301F-11D3-BF4B-00C04F79EFBC}") = "Tyuiu.ArkhipovaMD.Sprint4.Task6.V11.Test", "Tyuiu.ArkhipovaMD.Sprint4.Task6.V11.Test\Tyuiu.ArkhipovaMD.Sprint4.Task6.V11.Test.csproj", "{2A00C0E0-3415-42E5-95A5-ECA329D447CE}"
EndProject
Project("{FAE04EC0-301F-11D3-BF4B-00C04F79EFBC}") = "Tyuiu.ArkhipovaMD.Sprint4.Task6.V11", "Tyuiu.ArkhipovaMD.Sprint4.Task6.V11\Tyuiu.ArkhipovaMD.Sprint4.Task6.V11.csproj", "{CCB0E7EE-9419-46A1-8C54-3F680DF9EECE}"
EndProject
Project("{2150E333-8FDC-42A3-9474-1A3956D46DE8}") = "Task7", "Task7", "{D3287166-6489-4664-98CD-9CEE03B2BD0C}"
EndProject
Project("{FAE04EC0-301F-11D3-BF4B-00C04F79EFBC}") = "Tyuiu.ArkhipovaMD.Sprint4.Task7.V2.Lib", "Tyuiu.ArkhipovaMD.Sprint4.Task7.V2.Lib\Tyuiu.ArkhipovaMD.Sprint4.Task7.V2.Lib.csproj", "{F0AD15E4-E732-45E2-B6C7-F45720186DD2}"
EndProject
Project("{FAE04EC0-301F-11D3-BF4B-00C04F79EFBC}") = "Tyuiu.ArkhipovaMD.Sprint4.Task7.V2.Test", "Tyuiu.ArkhipovaMD.Sprint4.Task7.V2.Test\Tyuiu.ArkhipovaMD.Sprint4.Task7.V2.Test.csproj", "{B8F73356-E9C5-4D72-BD23-2A9BDD080316}"
EndProject
Project("{FAE04EC0-301F-11D3-BF4B-00C04F79EFBC}") = "Tyuiu.ArkhipovaMD.Sprint4.Task7.V2", "Tyuiu.ArkhipovaMD.Sprint4.Task7.V2\Tyuiu.ArkhipovaMD.Sprint4.Task7.V2.csproj", "{0C46922F-B2B7-401F-AC1B-32A477DB71D2}"
EndProject
Global
	GlobalSection(SolutionConfigurationPlatforms) = preSolution
		Debug|Any CPU = Debug|Any CPU
		Release|Any CPU = Release|Any CPU
	EndGlobalSection
	GlobalSection(ProjectConfigurationPlatforms) = postSolution
		{CC2F964C-4F2D-4C7D-A00F-514E42C511AC}.Debug|Any CPU.ActiveCfg = Debug|Any CPU
		{CC2F964C-4F2D-4C7D-A00F-514E42C511AC}.Debug|Any CPU.Build.0 = Debug|Any CPU
		{CC2F964C-4F2D-4C7D-A00F-514E42C511AC}.Release|Any CPU.ActiveCfg = Release|Any CPU
		{CC2F964C-4F2D-4C7D-A00F-514E42C511AC}.Release|Any CPU.Build.0 = Release|Any CPU
		{45E6822B-382E-41EE-84F9-4B8B8B952026}.Debug|Any CPU.ActiveCfg = Debug|Any CPU
		{45E6822B-382E-41EE-84F9-4B8B8B952026}.Debug|Any CPU.Build.0 = Debug|Any CPU
		{45E6822B-382E-41EE-84F9-4B8B8B952026}.Release|Any CPU.ActiveCfg = Release|Any CPU
		{45E6822B-382E-41EE-84F9-4B8B8B952026}.Release|Any CPU.Build.0 = Release|Any CPU
		{FFBDEB65-D9D5-4E2E-A0CE-C5D2B720DF75}.Debug|Any CPU.ActiveCfg = Debug|Any CPU
		{FFBDEB65-D9D5-4E2E-A0CE-C5D2B720DF75}.Debug|Any CPU.Build.0 = Debug|Any CPU
		{FFBDEB65-D9D5-4E2E-A0CE-C5D2B720DF75}.Release|Any CPU.ActiveCfg = Release|Any CPU
		{FFBDEB65-D9D5-4E2E-A0CE-C5D2B720DF75}.Release|Any CPU.Build.0 = Release|Any CPU
		{CFD9E42B-53DC-CFC4-8DAD-928C241B7097}.Debug|Any CPU.ActiveCfg = Debug|Any CPU
		{CFD9E42B-53DC-CFC4-8DAD-928C241B7097}.Debug|Any CPU.Build.0 = Debug|Any CPU
		{CFD9E42B-53DC-CFC4-8DAD-928C241B7097}.Release|Any CPU.ActiveCfg = Release|Any CPU
		{CFD9E42B-53DC-CFC4-8DAD-928C241B7097}.Release|Any CPU.Build.0 = Release|Any CPU
		{E6A47986-7923-5AF1-D1C6-978C8CF2C7BD}.Debug|Any CPU.ActiveCfg = Debug|Any CPU
		{E6A47986-7923-5AF1-D1C6-978C8CF2C7BD}.Debug|Any CPU.Build.0 = Debug|Any CPU
		{E6A47986-7923-5AF1-D1C6-978C8CF2C7BD}.Release|Any CPU.ActiveCfg = Release|Any CPU
		{E6A47986-7923-5AF1-D1C6-978C8CF2C7BD}.Release|Any CPU.Build.0 = Release|Any CPU
		{C52F9097-F89D-A011-6D6F-AACD3207B240}.Debug|Any CPU.ActiveCfg = Debug|Any CPU
		{C52F9097-F89D-A011-6D6F-AACD3207B240}.Debug|Any CPU.Build.0 = Debug|Any CPU
		{C52F9097-F89D-A011-6D6F-AACD3207B240}.Release|Any CPU.ActiveCfg = Release|Any CPU
		{C52F9097-F89D-A011-6D6F-AACD3207B240}.Release|Any CPU.Build.0 = Release|Any CPU
		{366ACD7B-116B-4994-B229-8E9D7BE7C4E3}.Debug|Any CPU.ActiveCfg = Debug|Any CPU
		{366ACD7B-116B-4994-B229-8E9D7BE7C4E3}.Debug|Any CPU.Build.0 = Debug|Any CPU
		{366ACD7B-116B-4994-B229-8E9D7BE7C4E3}.Release|Any CPU.ActiveCfg = Release|Any CPU
		{366ACD7B-116B-4994-B229-8E9D7BE7C4E3}.Release|Any CPU.Build.0 = Release|Any CPU
		{F0511B35-69D3-4425-AB05-4FAF175E066E}.Debug|Any CPU.ActiveCfg = Debug|Any CPU
		{F0511B35-69D3-4425-AB05-4FAF175E066E}.Debug|Any CPU.Build.0 = Debug|Any CPU
		{F0511B35-69D3-4425-AB05-4FAF175E066E}.Release|Any CPU.ActiveCfg = Release|Any CPU
		{F0511B35-69D3-4425-AB05-4FAF175E066E}.Release|Any CPU.Build.0 = Release|Any CPU
		{BA9AD717-B700-4C60-B596-D745484BAC37}.Debug|Any CPU.ActiveCfg = Debug|Any CPU
		{BA9AD717-B700-4C60-B596-D745484BAC37}.Debug|Any CPU.Build.0 = Debug|Any CPU
		{BA9AD717-B700-4C60-B596-D745484BAC37}.Release|Any CPU.ActiveCfg = Release|Any CPU
		{BA9AD717-B700-4C60-B596-D745484BAC37}.Release|Any CPU.Build.0 = Release|Any CPU
		{45634423-F2A4-492E-9EA8-469AA1E0767E}.Debug|Any CPU.ActiveCfg = Debug|Any CPU
		{45634423-F2A4-492E-9EA8-469AA1E0767E}.Debug|Any CPU.Build.0 = Debug|Any CPU
		{45634423-F2A4-492E-9EA8-469AA1E0767E}.Release|Any CPU.ActiveCfg = Release|Any CPU
		{45634423-F2A4-492E-9EA8-469AA1E0767E}.Release|Any CPU.Build.0 = Release|Any CPU
		{9682C911-A4AE-4CC3-AFE7-9032B3B82297}.Debug|Any CPU.ActiveCfg = Debug|Any CPU
		{9682C911-A4AE-4CC3-AFE7-9032B3B82297}.Debug|Any CPU.Build.0 = Debug|Any CPU
		{9682C911-A4AE-4CC3-AFE7-9032B3B82297}.Release|Any CPU.ActiveCfg = Release|Any CPU
		{9682C911-A4AE-4CC3-AFE7-9032B3B82297}.Release|Any CPU.Build.0 = Release|Any CPU
		{E3471CB0-423D-4263-9BD0-A164438DABBB}.Debug|Any CPU.ActiveCfg = Debug|Any CPU
		{E3471CB0-423D-4263-9BD0-A164438DABBB}.Debug|Any CPU.Build.0 = Debug|Any CPU
		{E3471CB0-423D-4263-9BD0-A164438DABBB}.Release|Any CPU.ActiveCfg = Release|Any CPU
		{E3471CB0-423D-4263-9BD0-A164438DABBB}.Release|Any CPU.Build.0 = Release|Any CPU
		{E1211146-4431-4054-A1E9-70DE9B6DAA05}.Debug|Any CPU.ActiveCfg = Debug|Any CPU
		{E1211146-4431-4054-A1E9-70DE9B6DAA05}.Debug|Any CPU.Build.0 = Debug|Any CPU
		{E1211146-4431-4054-A1E9-70DE9B6DAA05}.Release|Any CPU.ActiveCfg = Release|Any CPU
		{E1211146-4431-4054-A1E9-70DE9B6DAA05}.Release|Any CPU.Build.0 = Release|Any CPU
		{20889A9A-BDC8-44B0-9B89-4DE40CB6DD59}.Debug|Any CPU.ActiveCfg = Debug|Any CPU
		{20889A9A-BDC8-44B0-9B89-4DE40CB6DD59}.Debug|Any CPU.Build.0 = Debug|Any CPU
		{20889A9A-BDC8-44B0-9B89-4DE40CB6DD59}.Release|Any CPU.ActiveCfg = Release|Any CPU
		{20889A9A-BDC8-44B0-9B89-4DE40CB6DD59}.Release|Any CPU.Build.0 = Release|Any CPU
		{769AD66B-AE51-4AAE-B7CF-8079F16C35CF}.Debug|Any CPU.ActiveCfg = Debug|Any CPU
		{769AD66B-AE51-4AAE-B7CF-8079F16C35CF}.Debug|Any CPU.Build.0 = Debug|Any CPU
		{769AD66B-AE51-4AAE-B7CF-8079F16C35CF}.Release|Any CPU.ActiveCfg = Release|Any CPU
		{769AD66B-AE51-4AAE-B7CF-8079F16C35CF}.Release|Any CPU.Build.0 = Release|Any CPU
		{039DE666-A813-42C3-BF1A-1344286A9AE1}.Debug|Any CPU.ActiveCfg = Debug|Any CPU
		{039DE666-A813-42C3-BF1A-1344286A9AE1}.Debug|Any CPU.Build.0 = Debug|Any CPU
		{039DE666-A813-42C3-BF1A-1344286A9AE1}.Release|Any CPU.ActiveCfg = Release|Any CPU
		{039DE666-A813-42C3-BF1A-1344286A9AE1}.Release|Any CPU.Build.0 = Release|Any CPU
		{38F8AB7E-C660-4EF2-8EEE-7DFF53D27EDB}.Debug|Any CPU.ActiveCfg = Debug|Any CPU
		{38F8AB7E-C660-4EF2-8EEE-7DFF53D27EDB}.Debug|Any CPU.Build.0 = Debug|Any CPU
		{38F8AB7E-C660-4EF2-8EEE-7DFF53D27EDB}.Release|Any CPU.ActiveCfg = Release|Any CPU
		{38F8AB7E-C660-4EF2-8EEE-7DFF53D27EDB}.Release|Any CPU.Build.0 = Release|Any CPU
		{C7E95244-CAF5-4C9C-9B6E-B24E80CE1589}.Debug|Any CPU.ActiveCfg = Debug|Any CPU
		{C7E95244-CAF5-4C9C-9B6E-B24E80CE1589}.Debug|Any CPU.Build.0 = Debug|Any CPU
		{C7E95244-CAF5-4C9C-9B6E-B24E80CE1589}.Release|Any CPU.ActiveCfg = Release|Any CPU
		{C7E95244-CAF5-4C9C-9B6E-B24E80CE1589}.Release|Any CPU.Build.0 = Release|Any CPU
		{A3586EC1-D28A-4C90-B851-CB3443EC9433}.Debug|Any CPU.ActiveCfg = Debug|Any CPU
		{A3586EC1-D28A-4C90-B851-CB3443EC9433}.Debug|Any CPU.Build.0 = Debug|Any CPU
		{A3586EC1-D28A-4C90-B851-CB3443EC9433}.Release|Any CPU.ActiveCfg = Release|Any CPU
		{A3586EC1-D28A-4C90-B851-CB3443EC9433}.Release|Any CPU.Build.0 = Release|Any CPU
		{2A00C0E0-3415-42E5-95A5-ECA329D447CE}.Debug|Any CPU.ActiveCfg = Debug|Any CPU
		{2A00C0E0-3415-42E5-95A5-ECA329D447CE}.Debug|Any CPU.Build.0 = Debug|Any CPU
		{2A00C0E0-3415-42E5-95A5-ECA329D447CE}.Release|Any CPU.ActiveCfg = Release|Any CPU
		{2A00C0E0-3415-42E5-95A5-ECA329D447CE}.Release|Any CPU.Build.0 = Release|Any CPU
		{CCB0E7EE-9419-46A1-8C54-3F680DF9EECE}.Debug|Any CPU.ActiveCfg = Debug|Any CPU
		{CCB0E7EE-9419-46A1-8C54-3F680DF9EECE}.Debug|Any CPU.Build.0 = Debug|Any CPU
		{CCB0E7EE-9419-46A1-8C54-3F680DF9EECE}.Release|Any CPU.ActiveCfg = Release|Any CPU
		{CCB0E7EE-9419-46A1-8C54-3F680DF9EECE}.Release|Any CPU.Build.0 = Release|Any CPU
		{F0AD15E4-E732-45E2-B6C7-F45720186DD2}.Debug|Any CPU.ActiveCfg = Debug|Any CPU
		{F0AD15E4-E732-45E2-B6C7-F45720186DD2}.Debug|Any CPU.Build.0 = Debug|Any CPU
		{F0AD15E4-E732-45E2-B6C7-F45720186DD2}.Release|Any CPU.ActiveCfg = Release|Any CPU
		{F0AD15E4-E732-45E2-B6C7-F45720186DD2}.Release|Any CPU.Build.0 = Release|Any CPU
		{B8F73356-E9C5-4D72-BD23-2A9BDD080316}.Debug|Any CPU.ActiveCfg = Debug|Any CPU
		{B8F73356-E9C5-4D72-BD23-2A9BDD080316}.Debug|Any CPU.Build.0 = Debug|Any CPU
		{B8F73356-E9C5-4D72-BD23-2A9BDD080316}.Release|Any CPU.ActiveCfg = Release|Any CPU
		{B8F73356-E9C5-4D72-BD23-2A9BDD080316}.Release|Any CPU.Build.0 = Release|Any CPU
		{0C46922F-B2B7-401F-AC1B-32A477DB71D2}.Debug|Any CPU.ActiveCfg = Debug|Any CPU
		{0C46922F-B2B7-401F-AC1B-32A477DB71D2}.Debug|Any CPU.Build.0 = Debug|Any CPU
		{0C46922F-B2B7-401F-AC1B-32A477DB71D2}.Release|Any CPU.ActiveCfg = Release|Any CPU
		{0C46922F-B2B7-401F-AC1B-32A477DB71D2}.Release|Any CPU.Build.0 = Release|Any CPU
	EndGlobalSection
	GlobalSection(SolutionProperties) = preSolution
		HideSolutionNode = FALSE
	EndGlobalSection
	GlobalSection(NestedProjects) = preSolution
		{CC2F964C-4F2D-4C7D-A00F-514E42C511AC} = {02EA681E-C7D8-13C7-8484-4AC65E1B71E8}
		{45E6822B-382E-41EE-84F9-4B8B8B952026} = {02EA681E-C7D8-13C7-8484-4AC65E1B71E8}
		{FFBDEB65-D9D5-4E2E-A0CE-C5D2B720DF75} = {02EA681E-C7D8-13C7-8484-4AC65E1B71E8}
		{CFD9E42B-53DC-CFC4-8DAD-928C241B7097} = {607F8E96-1FBD-4992-9983-3DF3FEF598D8}
		{E6A47986-7923-5AF1-D1C6-978C8CF2C7BD} = {607F8E96-1FBD-4992-9983-3DF3FEF598D8}
		{C52F9097-F89D-A011-6D6F-AACD3207B240} = {607F8E96-1FBD-4992-9983-3DF3FEF598D8}
		{366ACD7B-116B-4994-B229-8E9D7BE7C4E3} = {EEE0A434-EAD1-4067-95FD-D1E66E359D9F}
		{F0511B35-69D3-4425-AB05-4FAF175E066E} = {EEE0A434-EAD1-4067-95FD-D1E66E359D9F}
		{BA9AD717-B700-4C60-B596-D745484BAC37} = {EEE0A434-EAD1-4067-95FD-D1E66E359D9F}
		{45634423-F2A4-492E-9EA8-469AA1E0767E} = {E0AD1165-B059-4BB8-B1DA-5D239376C3B5}
		{9682C911-A4AE-4CC3-AFE7-9032B3B82297} = {E0AD1165-B059-4BB8-B1DA-5D239376C3B5}
		{E3471CB0-423D-4263-9BD0-A164438DABBB} = {E0AD1165-B059-4BB8-B1DA-5D239376C3B5}
		{E1211146-4431-4054-A1E9-70DE9B6DAA05} = {2C681B00-7AFF-4740-B61A-8B9000BCF4B9}
		{20889A9A-BDC8-44B0-9B89-4DE40CB6DD59} = {2C681B00-7AFF-4740-B61A-8B9000BCF4B9}
		{769AD66B-AE51-4AAE-B7CF-8079F16C35CF} = {2C681B00-7AFF-4740-B61A-8B9000BCF4B9}
		{039DE666-A813-42C3-BF1A-1344286A9AE1} = {5C32CD23-531A-458E-916E-3357321AD9FE}
		{38F8AB7E-C660-4EF2-8EEE-7DFF53D27EDB} = {5C32CD23-531A-458E-916E-3357321AD9FE}
		{C7E95244-CAF5-4C9C-9B6E-B24E80CE1589} = {5C32CD23-531A-458E-916E-3357321AD9FE}
		{A3586EC1-D28A-4C90-B851-CB3443EC9433} = {01119F93-37BB-4E19-9B56-90811CC8F354}
		{2A00C0E0-3415-42E5-95A5-ECA329D447CE} = {01119F93-37BB-4E19-9B56-90811CC8F354}
		{CCB0E7EE-9419-46A1-8C54-3F680DF9EECE} = {01119F93-37BB-4E19-9B56-90811CC8F354}
		{F0AD15E4-E732-45E2-B6C7-F45720186DD2} = {D3287166-6489-4664-98CD-9CEE03B2BD0C}
		{B8F73356-E9C5-4D72-BD23-2A9BDD080316} = {D3287166-6489-4664-98CD-9CEE03B2BD0C}
		{0C46922F-B2B7-401F-AC1B-32A477DB71D2} = {D3287166-6489-4664-98CD-9CEE03B2BD0C}
	EndGlobalSection
	GlobalSection(ExtensibilityGlobals) = postSolution
		SolutionGuid = {F4F5AFB8-3630-4918-ABCD-A85F39584192}
	EndGlobalSection
EndGlobal
